# THIS IS AN AUTOGENERATED FILE. DO NOT EDIT THIS FILE DIRECTLY.
# yarn lockfile v1


swr@^2.1.0:
  version "2.1.0"
  resolved "https://registry.yarnpkg.com/swr/-/swr-2.1.0.tgz#10245d5a50f6d5d208ea9278f76839ab3058d5b8"
  integrity sha512-4hYl5p3/KalQ1MORealM79g/DtLohmud6yyfXw5l4wjtFksYUnocRFudvyaoUtgj3FrVNK9lS25Av9dsZYvz0g==
  dependencies:
    use-sync-external-store "^1.2.0"

use-sync-external-store@^1.2.0:
  version "1.2.0"
  resolved "https://registry.yarnpkg.com/use-sync-external-store/-/use-sync-external-store-1.2.0.tgz#7dbefd6ef3fe4e767a0cf5d7287aacfb5846928a"
  integrity sha512-eEgnFxGQ1Ife9bzYs6VLi8/4X6CObHMw9Qr9tPY43iKwsPw8xE8+EFsf/2cFZ5S3esXgpWgtSCtLNS41F+sKPA==
